
Microsoft Visual Studio Solution File, Format Version 12.00
# Visual Studio 15
VisualStudioVersion = 15.0.26228.29
MinimumVisualStudioVersion = 10.0.40219.1
Project("{9A19103F-16F7-4668-BE54-9A1E7A4F7556}") = "WebApplication1", "WebApplication1\WebApplication1.csproj", "{6E377489-A894-4801-A1F0-659AE83D536D}"
EndProject
Project("{9A19103F-16F7-4668-BE54-9A1E7A4F7556}") = "ConsoleApp1", "ConsoleApp1\ConsoleApp1.csproj", "{A12ADF1D-EF2E-4FFB-A7D5-2F44694CB7BC}"
EndProject
Project("{9A19103F-16F7-4668-BE54-9A1E7A4F7556}") = "ComputerVision", "ComputerVision\ComputerVision.csproj", "{FA5FBDDD-9432-43B0-BB3B-974EFB629FFC}"
EndProject
Project("{2150E333-8FDC-42A3-9474-1A3956D46DE8}") = "Services", "Services", "{913D9DD1-1DB6-4702-90A5-E12AA3CAC8E0}"
EndProject
Project("{2150E333-8FDC-42A3-9474-1A3956D46DE8}") = "ComputerVision", "ComputerVision", "{ADD673A3-ADD1-4191-A791-4BF3110E1133}"
EndProject
Project("{2150E333-8FDC-42A3-9474-1A3956D46DE8}") = "WebAppBot", "WebAppBot", "{D6E5BBB0-1FA2-4FAE-BD9F-2D6133E1DC9C}"
EndProject
Project("{2150E333-8FDC-42A3-9474-1A3956D46DE8}") = "FaceRecognition", "FaceRecognition", "{5A08994C-A2D1-4D83-8CA4-B2418EB43E01}"
EndProject
Project("{2150E333-8FDC-42A3-9474-1A3956D46DE8}") = "TextAnalytics", "TextAnalytics", "{FF542501-6BED-4618-A81B-1F881D3680B5}"
EndProject
Project("{2150E333-8FDC-42A3-9474-1A3956D46DE8}") = "LUIS", "LUIS", "{D575CBB8-CE42-4AA4-B258-54C253A1F808}"
EndProject
Project("{2150E333-8FDC-42A3-9474-1A3956D46DE8}") = "Speech", "Speech", "{96DA2FE0-FBFD-4265-80D8-33D793FE0731}"
EndProject
Project("{9A19103F-16F7-4668-BE54-9A1E7A4F7556}") = "TextAnalytics.API", "TextAnalytics.API\TextAnalytics.API.csproj", "{A7FD65A7-1DA6-4731-8493-17DD3BB69F95}"
EndProject
Project("{9A19103F-16F7-4668-BE54-9A1E7A4F7556}") = "ComputerVision.API", "ComputerVision.API\ComputerVision.API.csproj", "{6F52F332-4EB1-4F14-BF91-9F17AE0DA608}"
EndProject
Project("{9A19103F-16F7-4668-BE54-9A1E7A4F7556}") = "FaceRecognition.API", "FaceRecognition.API\FaceRecognition.API.csproj", "{D0BF12E2-C0F1-4866-98BE-BF28236549CE}"
EndProject
Project("{9A19103F-16F7-4668-BE54-9A1E7A4F7556}") = "LUIS.API", "LUIS.API\LUIS.API.csproj", "{7AC24F45-1E42-491C-BBD7-E1F95EBEB697}"
EndProject
Project("{9A19103F-16F7-4668-BE54-9A1E7A4F7556}") = "SpeechRecognition.API", "SpeechRecognition.API\SpeechRecognition.API.csproj", "{437D7B89-3E43-4A74-AC02-341C38E4EDC4}"
EndProject
Project("{9A19103F-16F7-4668-BE54-9A1E7A4F7556}") = "WebAppBot.API", "WebAppBot.API\WebAppBot.API.csproj", "{E1ACB47C-AB4F-4C4B-8959-C9289473C561}"
EndProject
Project("{9A19103F-16F7-4668-BE54-9A1E7A4F7556}") = "FaceAPI", "FaceAPI\FaceAPI.csproj", "{872C875E-8489-4C99-A1DD-C240DCE33598}"
EndProject
Project("{FAE04EC0-301F-11D3-BF4B-00C04F79EFBC}") = "FaceTutorial", "FaceTutorial\FaceTutorial.csproj", "{91B71389-BA60-4CF8-B101-2995E2E24FAF}"
EndProject
Project("{2150E333-8FDC-42A3-9474-1A3956D46DE8}") = "CognitiveAI", "CognitiveAI", "{4C4ABE27-EF88-400D-B858-5A4714213CB0}"
EndProject
Project("{FAE04EC0-301F-11D3-BF4B-00C04F79EFBC}") = "CognitiveAI.WebAPI", "CognitiveAI.WebAPI\CognitiveAI.WebAPI.csproj", "{77A19E22-095B-4676-B14B-CF2192C6ACA2}"
EndProject
Project("{2150E333-8FDC-42A3-9474-1A3956D46DE8}") = "WebApp", "WebApp", "{EC3013F0-CE87-43F8-8EA3-2C72034BB052}"
EndProject
Project("{2150E333-8FDC-42A3-9474-1A3956D46DE8}") = "CognitiveAIWebApp", "CognitiveAIWebApp", "{6BCF795D-6D89-4990-A9FA-CC5DC1C71F2D}"
EndProject
Project("{FAE04EC0-301F-11D3-BF4B-00C04F79EFBC}") = "CognitiveAIApp", "CognitiveAIApp\CognitiveAIApp.csproj", "{F8DCC7AD-2E74-42D0-BAA7-30203CE9321A}"
EndProject
Global
	GlobalSection(SolutionConfigurationPlatforms) = preSolution
		Debug|Any CPU = Debug|Any CPU
		Release|Any CPU = Release|Any CPU
	EndGlobalSection
	GlobalSection(ProjectConfigurationPlatforms) = postSolution
		{6E377489-A894-4801-A1F0-659AE83D536D}.Debug|Any CPU.ActiveCfg = Debug|Any CPU
		{6E377489-A894-4801-A1F0-659AE83D536D}.Debug|Any CPU.Build.0 = Debug|Any CPU
		{6E377489-A894-4801-A1F0-659AE83D536D}.Release|Any CPU.ActiveCfg = Release|Any CPU
		{6E377489-A894-4801-A1F0-659AE83D536D}.Release|Any CPU.Build.0 = Release|Any CPU
		{A12ADF1D-EF2E-4FFB-A7D5-2F44694CB7BC}.Debug|Any CPU.ActiveCfg = Debug|Any CPU
		{A12ADF1D-EF2E-4FFB-A7D5-2F44694CB7BC}.Debug|Any CPU.Build.0 = Debug|Any CPU
		{A12ADF1D-EF2E-4FFB-A7D5-2F44694CB7BC}.Release|Any CPU.ActiveCfg = Release|Any CPU
		{A12ADF1D-EF2E-4FFB-A7D5-2F44694CB7BC}.Release|Any CPU.Build.0 = Release|Any CPU
		{FA5FBDDD-9432-43B0-BB3B-974EFB629FFC}.Debug|Any CPU.ActiveCfg = Debug|Any CPU
		{FA5FBDDD-9432-43B0-BB3B-974EFB629FFC}.Debug|Any CPU.Build.0 = Debug|Any CPU
		{FA5FBDDD-9432-43B0-BB3B-974EFB629FFC}.Release|Any CPU.ActiveCfg = Release|Any CPU
		{FA5FBDDD-9432-43B0-BB3B-974EFB629FFC}.Release|Any CPU.Build.0 = Release|Any CPU
		{A7FD65A7-1DA6-4731-8493-17DD3BB69F95}.Debug|Any CPU.ActiveCfg = Debug|Any CPU
		{A7FD65A7-1DA6-4731-8493-17DD3BB69F95}.Debug|Any CPU.Build.0 = Debug|Any CPU
		{A7FD65A7-1DA6-4731-8493-17DD3BB69F95}.Release|Any CPU.ActiveCfg = Release|Any CPU
		{A7FD65A7-1DA6-4731-8493-17DD3BB69F95}.Release|Any CPU.Build.0 = Release|Any CPU
		{6F52F332-4EB1-4F14-BF91-9F17AE0DA608}.Debug|Any CPU.ActiveCfg = Debug|Any CPU
		{6F52F332-4EB1-4F14-BF91-9F17AE0DA608}.Debug|Any CPU.Build.0 = Debug|Any CPU
		{6F52F332-4EB1-4F14-BF91-9F17AE0DA608}.Release|Any CPU.ActiveCfg = Release|Any CPU
		{6F52F332-4EB1-4F14-BF91-9F17AE0DA608}.Release|Any CPU.Build.0 = Release|Any CPU
		{D0BF12E2-C0F1-4866-98BE-BF28236549CE}.Debug|Any CPU.ActiveCfg = Debug|Any CPU
		{D0BF12E2-C0F1-4866-98BE-BF28236549CE}.Debug|Any CPU.Build.0 = Debug|Any CPU
		{D0BF12E2-C0F1-4866-98BE-BF28236549CE}.Release|Any CPU.ActiveCfg = Release|Any CPU
		{D0BF12E2-C0F1-4866-98BE-BF28236549CE}.Release|Any CPU.Build.0 = Release|Any CPU
		{7AC24F45-1E42-491C-BBD7-E1F95EBEB697}.Debug|Any CPU.ActiveCfg = Debug|Any CPU
		{7AC24F45-1E42-491C-BBD7-E1F95EBEB697}.Debug|Any CPU.Build.0 = Debug|Any CPU
		{7AC24F45-1E42-491C-BBD7-E1F95EBEB697}.Release|Any CPU.ActiveCfg = Release|Any CPU
		{7AC24F45-1E42-491C-BBD7-E1F95EBEB697}.Release|Any CPU.Build.0 = Release|Any CPU
		{437D7B89-3E43-4A74-AC02-341C38E4EDC4}.Debug|Any CPU.ActiveCfg = Debug|Any CPU
		{437D7B89-3E43-4A74-AC02-341C38E4EDC4}.Debug|Any CPU.Build.0 = Debug|Any CPU
		{437D7B89-3E43-4A74-AC02-341C38E4EDC4}.Release|Any CPU.ActiveCfg = Release|Any CPU
		{437D7B89-3E43-4A74-AC02-341C38E4EDC4}.Release|Any CPU.Build.0 = Release|Any CPU
		{E1ACB47C-AB4F-4C4B-8959-C9289473C561}.Debug|Any CPU.ActiveCfg = Debug|Any CPU
		{E1ACB47C-AB4F-4C4B-8959-C9289473C561}.Debug|Any CPU.Build.0 = Debug|Any CPU
		{E1ACB47C-AB4F-4C4B-8959-C9289473C561}.Release|Any CPU.ActiveCfg = Release|Any CPU
		{E1ACB47C-AB4F-4C4B-8959-C9289473C561}.Release|Any CPU.Build.0 = Release|Any CPU
		{872C875E-8489-4C99-A1DD-C240DCE33598}.Debug|Any CPU.ActiveCfg = Debug|Any CPU
		{872C875E-8489-4C99-A1DD-C240DCE33598}.Debug|Any CPU.Build.0 = Debug|Any CPU
		{872C875E-8489-4C99-A1DD-C240DCE33598}.Release|Any CPU.ActiveCfg = Release|Any CPU
		{872C875E-8489-4C99-A1DD-C240DCE33598}.Release|Any CPU.Build.0 = Release|Any CPU
		{91B71389-BA60-4CF8-B101-2995E2E24FAF}.Debug|Any CPU.ActiveCfg = Debug|Any CPU
		{91B71389-BA60-4CF8-B101-2995E2E24FAF}.Debug|Any CPU.Build.0 = Debug|Any CPU
		{91B71389-BA60-4CF8-B101-2995E2E24FAF}.Release|Any CPU.ActiveCfg = Release|Any CPU
		{91B71389-BA60-4CF8-B101-2995E2E24FAF}.Release|Any CPU.Build.0 = Release|Any CPU
		{77A19E22-095B-4676-B14B-CF2192C6ACA2}.Debug|Any CPU.ActiveCfg = Debug|Any CPU
		{77A19E22-095B-4676-B14B-CF2192C6ACA2}.Debug|Any CPU.Build.0 = Debug|Any CPU
		{77A19E22-095B-4676-B14B-CF2192C6ACA2}.Release|Any CPU.ActiveCfg = Release|Any CPU
		{77A19E22-095B-4676-B14B-CF2192C6ACA2}.Release|Any CPU.Build.0 = Release|Any CPU
		{F8DCC7AD-2E74-42D0-BAA7-30203CE9321A}.Debug|Any CPU.ActiveCfg = Debug|Any CPU
		{F8DCC7AD-2E74-42D0-BAA7-30203CE9321A}.Debug|Any CPU.Build.0 = Debug|Any CPU
		{F8DCC7AD-2E74-42D0-BAA7-30203CE9321A}.Release|Any CPU.ActiveCfg = Release|Any CPU
		{F8DCC7AD-2E74-42D0-BAA7-30203CE9321A}.Release|Any CPU.Build.0 = Release|Any CPU
	EndGlobalSection
	GlobalSection(SolutionProperties) = preSolution
		HideSolutionNode = FALSE
	EndGlobalSection
	GlobalSection(NestedProjects) = preSolution
		{ADD673A3-ADD1-4191-A791-4BF3110E1133} = {913D9DD1-1DB6-4702-90A5-E12AA3CAC8E0}
		{D6E5BBB0-1FA2-4FAE-BD9F-2D6133E1DC9C} = {913D9DD1-1DB6-4702-90A5-E12AA3CAC8E0}
		{5A08994C-A2D1-4D83-8CA4-B2418EB43E01} = {913D9DD1-1DB6-4702-90A5-E12AA3CAC8E0}
		{FF542501-6BED-4618-A81B-1F881D3680B5} = {913D9DD1-1DB6-4702-90A5-E12AA3CAC8E0}
		{D575CBB8-CE42-4AA4-B258-54C253A1F808} = {913D9DD1-1DB6-4702-90A5-E12AA3CAC8E0}
		{96DA2FE0-FBFD-4265-80D8-33D793FE0731} = {913D9DD1-1DB6-4702-90A5-E12AA3CAC8E0}
		{A7FD65A7-1DA6-4731-8493-17DD3BB69F95} = {FF542501-6BED-4618-A81B-1F881D3680B5}
		{6F52F332-4EB1-4F14-BF91-9F17AE0DA608} = {ADD673A3-ADD1-4191-A791-4BF3110E1133}
		{D0BF12E2-C0F1-4866-98BE-BF28236549CE} = {5A08994C-A2D1-4D83-8CA4-B2418EB43E01}
		{7AC24F45-1E42-491C-BBD7-E1F95EBEB697} = {D575CBB8-CE42-4AA4-B258-54C253A1F808}
		{437D7B89-3E43-4A74-AC02-341C38E4EDC4} = {96DA2FE0-FBFD-4265-80D8-33D793FE0731}
		{E1ACB47C-AB4F-4C4B-8959-C9289473C561} = {D6E5BBB0-1FA2-4FAE-BD9F-2D6133E1DC9C}
		{4C4ABE27-EF88-400D-B858-5A4714213CB0} = {913D9DD1-1DB6-4702-90A5-E12AA3CAC8E0}
		{77A19E22-095B-4676-B14B-CF2192C6ACA2} = {4C4ABE27-EF88-400D-B858-5A4714213CB0}
		{6BCF795D-6D89-4990-A9FA-CC5DC1C71F2D} = {EC3013F0-CE87-43F8-8EA3-2C72034BB052}
		{F8DCC7AD-2E74-42D0-BAA7-30203CE9321A} = {6BCF795D-6D89-4990-A9FA-CC5DC1C71F2D}
	EndGlobalSection
	GlobalSection(ExtensibilityGlobals) = postSolution
		SolutionGuid = {506DE47C-00FD-4851-8C4A-3CB61A939D00}
	EndGlobalSection
EndGlobal
